
Microsoft Visual Studio Solution File, Format Version 12.00
# Visual Studio Version 16
VisualStudioVersion = 16.0.30204.135
MinimumVisualStudioVersion = 10.0.40219.1
Project("{FAE04EC0-301F-11D3-BF4B-00C04F79EFBC}") = "MigracionDbContext", "MigracionDbContext\MigracionDbContext.csproj", "{0992A6E7-A5FF-432A-BA16-06D965186524}"
EndProject
Global
	GlobalSection(SolutionConfigurationPlatforms) = preSolution
		Debug|Any CPU = Debug|Any CPU
		Release|Any CPU = Release|Any CPU
	EndGlobalSection
	GlobalSection(ProjectConfigurationPlatforms) = postSolution
		{0992A6E7-A5FF-432A-BA16-06D965186524}.Debug|Any CPU.ActiveCfg = Debug|Any CPU
		{0992A6E7-A5FF-432A-BA16-06D965186524}.Debug|Any CPU.Build.0 = Debug|Any CPU
		{0992A6E7-A5FF-432A-BA16-06D965186524}.Release|Any CPU.ActiveCfg = Release|Any CPU
		{0992A6E7-A5FF-432A-BA16-06D965186524}.Release|Any CPU.Build.0 = Release|Any CPU
	EndGlobalSection
	GlobalSection(SolutionProperties) = preSolution
		HideSolutionNode = FALSE
	EndGlobalSection
	GlobalSection(ExtensibilityGlobals) = postSolution
		SolutionGuid = {FD28719D-722E-4BA7-AD71-702A8F1E0FF4}
	EndGlobalSection
EndGlobal
